// !$*UTF8*$!
{
	archiveVersion = 1;
	classes = {
	};
	objectVersion = 46;
	objects = {

/* Begin PBXBuildFile section */
		EFF3AEB918C3F9E800D9E794 /* Cocoa.framework in Frameworks */ = {isa = PBXBuildFile; fileRef = EFF3AEB818C3F9E800D9E794 /* Cocoa.framework */; };
		EFF3AEC318C3F9E800D9E794 /* InfoPlist.strings in Resources */ = {isa = PBXBuildFile; fileRef = EFF3AEC118C3F9E800D9E794 /* InfoPlist.strings */; };
		EFF3AEC518C3F9E800D9E794 /* main.m in Sources */ = {isa = PBXBuildFile; fileRef = EFF3AEC418C3F9E800D9E794 /* main.m */; };
		EFF3AEC918C3F9E800D9E794 /* Credits.rtf in Resources */ = {isa = PBXBuildFile; fileRef = EFF3AEC718C3F9E800D9E794 /* Credits.rtf */; };
		EFF3AECC18C3F9E800D9E794 /* SDAppDelegate.m in Sources */ = {isa = PBXBuildFile; fileRef = EFF3AECB18C3F9E800D9E794 /* SDAppDelegate.m */; };
		EFF3AECF18C3F9E800D9E794 /* MainMenu.xib in Resources */ = {isa = PBXBuildFile; fileRef = EFF3AECD18C3F9E800D9E794 /* MainMenu.xib */; };
		EFF3AED118C3F9E800D9E794 /* Images.xcassets in Resources */ = {isa = PBXBuildFile; fileRef = EFF3AED018C3F9E800D9E794 /* Images.xcassets */; };
		EFF3AED818C3F9E800D9E794 /* XCTest.framework in Frameworks */ = {isa = PBXBuildFile; fileRef = EFF3AED718C3F9E800D9E794 /* XCTest.framework */; };
		EFF3AED918C3F9E800D9E794 /* Cocoa.framework in Frameworks */ = {isa = PBXBuildFile; fileRef = EFF3AEB818C3F9E800D9E794 /* Cocoa.framework */; };
		EFF3AEE118C3F9E800D9E794 /* InfoPlist.strings in Resources */ = {isa = PBXBuildFile; fileRef = EFF3AEDF18C3F9E800D9E794 /* InfoPlist.strings */; };
		EFF3AEE318C3F9E800D9E794 /* testFiletreeTests.m in Sources */ = {isa = PBXBuildFile; fileRef = EFF3AEE218C3F9E800D9E794 /* testFiletreeTests.m */; };
/* End PBXBuildFile section */

/* Begin PBXContainerItemProxy section */
		EFF3AEDA18C3F9E800D9E794 /* PBXContainerItemProxy */ = {
			isa = PBXContainerItemProxy;
			containerPortal = EFF3AEAD18C3F9E800D9E794 /* Project object */;
			proxyType = 1;
			remoteGlobalIDString = EFF3AEB418C3F9E800D9E794;
			remoteInfo = testFiletree;
		};
/* End PBXContainerItemProxy section */

/* Begin PBXFileReference section */
		EFF3AEB518C3F9E800D9E794 /* testFiletree.app */ = {isa = PBXFileReference; explicitFileType = wrapper.application; includeInIndex = 0; path = testFiletree.app; sourceTree = BUILT_PRODUCTS_DIR; };
		EFF3AEB818C3F9E800D9E794 /* Cocoa.framework */ = {isa = PBXFileReference; lastKnownFileType = wrapper.framework; name = Cocoa.framework; path = System/Library/Frameworks/Cocoa.framework; sourceTree = SDKROOT; };
		EFF3AEBB18C3F9E800D9E794 /* AppKit.framework */ = {isa = PBXFileReference; lastKnownFileType = wrapper.framework; name = AppKit.framework; path = System/Library/Frameworks/AppKit.framework; sourceTree = SDKROOT; };
		EFF3AEBC18C3F9E800D9E794 /* CoreData.framework */ = {isa = PBXFileReference; lastKnownFileType = wrapper.framework; name = CoreData.framework; path = System/Library/Frameworks/CoreData.framework; sourceTree = SDKROOT; };
		EFF3AEBD18C3F9E800D9E794 /* Foundation.framework */ = {isa = PBXFileReference; lastKnownFileType = wrapper.framework; name = Foundation.framework; path = System/Library/Frameworks/Foundation.framework; sourceTree = SDKROOT; };
		EFF3AEC018C3F9E800D9E794 /* testFiletree-Info.plist */ = {isa = PBXFileReference; lastKnownFileType = text.plist.xml; path = "testFiletree-Info.plist"; sourceTree = "<group>"; };
		EFF3AEC218C3F9E800D9E794 /* en */ = {isa = PBXFileReference; lastKnownFileType = text.plist.strings; name = en; path = en.lproj/InfoPlist.strings; sourceTree = "<group>"; };
		EFF3AEC418C3F9E800D9E794 /* main.m */ = {isa = PBXFileReference; lastKnownFileType = sourcecode.c.objc; path = main.m; sourceTree = "<group>"; };
		EFF3AEC618C3F9E800D9E794 /* testFiletree-Prefix.pch */ = {isa = PBXFileReference; lastKnownFileType = sourcecode.c.h; path = "testFiletree-Prefix.pch"; sourceTree = "<group>"; };
		EFF3AEC818C3F9E800D9E794 /* en */ = {isa = PBXFileReference; lastKnownFileType = text.rtf; name = en; path = en.lproj/Credits.rtf; sourceTree = "<group>"; };
		EFF3AECA18C3F9E800D9E794 /* SDAppDelegate.h */ = {isa = PBXFileReference; lastKnownFileType = sourcecode.c.h; path = SDAppDelegate.h; sourceTree = "<group>"; };
		EFF3AECB18C3F9E800D9E794 /* SDAppDelegate.m */ = {isa = PBXFileReference; lastKnownFileType = sourcecode.c.objc; path = SDAppDelegate.m; sourceTree = "<group>"; };
		EFF3AECE18C3F9E800D9E794 /* Base */ = {isa = PBXFileReference; lastKnownFileType = file.xib; name = Base; path = Base.lproj/MainMenu.xib; sourceTree = "<group>"; };
		EFF3AED018C3F9E800D9E794 /* Images.xcassets */ = {isa = PBXFileReference; lastKnownFileType = folder.assetcatalog; path = Images.xcassets; sourceTree = "<group>"; };
		EFF3AED618C3F9E800D9E794 /* testFiletreeTests.xctest */ = {isa = PBXFileReference; explicitFileType = wrapper.cfbundle; includeInIndex = 0; path = testFiletreeTests.xctest; sourceTree = BUILT_PRODUCTS_DIR; };
		EFF3AED718C3F9E800D9E794 /* XCTest.framework */ = {isa = PBXFileReference; lastKnownFileType = wrapper.framework; name = XCTest.framework; path = Library/Frameworks/XCTest.framework; sourceTree = DEVELOPER_DIR; };
		EFF3AEDE18C3F9E800D9E794 /* testFiletreeTests-Info.plist */ = {isa = PBXFileReference; lastKnownFileType = text.plist.xml; path = "testFiletreeTests-Info.plist"; sourceTree = "<group>"; };
		EFF3AEE018C3F9E800D9E794 /* en */ = {isa = PBXFileReference; lastKnownFileType = text.plist.strings; name = en; path = en.lproj/InfoPlist.strings; sourceTree = "<group>"; };
		EFF3AEE218C3F9E800D9E794 /* testFiletreeTests.m */ = {isa = PBXFileReference; lastKnownFileType = sourcecode.c.objc; path = testFiletreeTests.m; sourceTree = "<group>"; };
/* End PBXFileReference section */

/* Begin PBXFrameworksBuildPhase section */
		EFF3AEB218C3F9E800D9E794 /* Frameworks */ = {
			isa = PBXFrameworksBuildPhase;
			buildActionMask = 2147483647;
			files = (
				EFF3AEB918C3F9E800D9E794 /* Cocoa.framework in Frameworks */,
			);
			runOnlyForDeploymentPostprocessing = 0;
		};
		EFF3AED318C3F9E800D9E794 /* Frameworks */ = {
			isa = PBXFrameworksBuildPhase;
			buildActionMask = 2147483647;
			files = (
				EFF3AED918C3F9E800D9E794 /* Cocoa.framework in Frameworks */,
				EFF3AED818C3F9E800D9E794 /* XCTest.framework in Frameworks */,
			);
			runOnlyForDeploymentPostprocessing = 0;
		};
/* End PBXFrameworksBuildPhase section */

/* Begin PBXGroup section */
		EFF3AEAC18C3F9E800D9E794 = {
			isa = PBXGroup;
			children = (
				EFF3AEBE18C3F9E800D9E794 /* testFiletree */,
				EFF3AEDC18C3F9E800D9E794 /* testFiletreeTests */,
				EFF3AEB718C3F9E800D9E794 /* Frameworks */,
				EFF3AEB618C3F9E800D9E794 /* Products */,
			);
			sourceTree = "<group>";
		};
		EFF3AEB618C3F9E800D9E794 /* Products */ = {
			isa = PBXGroup;
			children = (
				EFF3AEB518C3F9E800D9E794 /* testFiletree.app */,
				EFF3AED618C3F9E800D9E794 /* testFiletreeTests.xctest */,
			);
			name = Products;
			sourceTree = "<group>";
		};
		EFF3AEB718C3F9E800D9E794 /* Frameworks */ = {
			isa = PBXGroup;
			children = (
				EFF3AEB818C3F9E800D9E794 /* Cocoa.framework */,
				EFF3AED718C3F9E800D9E794 /* XCTest.framework */,
				EFF3AEBA18C3F9E800D9E794 /* Other Frameworks */,
			);
			name = Frameworks;
			sourceTree = "<group>";
		};
		EFF3AEBA18C3F9E800D9E794 /* Other Frameworks */ = {
			isa = PBXGroup;
			children = (
				EFF3AEBB18C3F9E800D9E794 /* AppKit.framework */,
				EFF3AEBC18C3F9E800D9E794 /* CoreData.framework */,
				EFF3AEBD18C3F9E800D9E794 /* Foundation.framework */,
			);
			name = "Other Frameworks";
			sourceTree = "<group>";
		};
		EFF3AEBE18C3F9E800D9E794 /* testFiletree */ = {
			isa = PBXGroup;
			children = (
				EFF3AECA18C3F9E800D9E794 /* SDAppDelegate.h */,
				EFF3AECB18C3F9E800D9E794 /* SDAppDelegate.m */,
				EFF3AECD18C3F9E800D9E794 /* MainMenu.xib */,
				EFF3AED018C3F9E800D9E794 /* Images.xcassets */,
				EFF3AEBF18C3F9E800D9E794 /* Supporting Files */,
			);
			path = testFiletree;
			sourceTree = "<group>";
		};
		EFF3AEBF18C3F9E800D9E794 /* Supporting Files */ = {
			isa = PBXGroup;
			children = (
				EFF3AEC018C3F9E800D9E794 /* testFiletree-Info.plist */,
				EFF3AEC118C3F9E800D9E794 /* InfoPlist.strings */,
				EFF3AEC418C3F9E800D9E794 /* main.m */,
				EFF3AEC618C3F9E800D9E794 /* testFiletree-Prefix.pch */,
				EFF3AEC718C3F9E800D9E794 /* Credits.rtf */,
			);
			name = "Supporting Files";
			sourceTree = "<group>";
		};
		EFF3AEDC18C3F9E800D9E794 /* testFiletreeTests */ = {
			isa = PBXGroup;
			children = (
				EFF3AEE218C3F9E800D9E794 /* testFiletreeTests.m */,
				EFF3AEDD18C3F9E800D9E794 /* Supporting Files */,
			);
			path = testFiletreeTests;
			sourceTree = "<group>";
		};
		EFF3AEDD18C3F9E800D9E794 /* Supporting Files */ = {
			isa = PBXGroup;
			children = (
				EFF3AEDE18C3F9E800D9E794 /* testFiletreeTests-Info.plist */,
				EFF3AEDF18C3F9E800D9E794 /* InfoPlist.strings */,
			);
			name = "Supporting Files";
			sourceTree = "<group>";
		};
/* End PBXGroup section */

/* Begin PBXNativeTarget section */
		EFF3AEB418C3F9E800D9E794 /* testFiletree */ = {
			isa = PBXNativeTarget;
			buildConfigurationList = EFF3AEE618C3F9E800D9E794 /* Build configuration list for PBXNativeTarget "testFiletree" */;
			buildPhases = (
				EFF3AEB118C3F9E800D9E794 /* Sources */,
				EFF3AEB218C3F9E800D9E794 /* Frameworks */,
				EFF3AEB318C3F9E800D9E794 /* Resources */,
			);
			buildRules = (
			);
			dependencies = (
			);
			name = testFiletree;
			productName = testFiletree;
			productReference = EFF3AEB518C3F9E800D9E794 /* testFiletree.app */;
			productType = "com.apple.product-type.application";
		};
		EFF3AED518C3F9E800D9E794 /* testFiletreeTests */ = {
			isa = PBXNativeTarget;
			buildConfigurationList = EFF3AEE918C3F9E800D9E794 /* Build configuration list for PBXNativeTarget "testFiletreeTests" */;
			buildPhases = (
				EFF3AED218C3F9E800D9E794 /* Sources */,
				EFF3AED318C3F9E800D9E794 /* Frameworks */,
				EFF3AED418C3F9E800D9E794 /* Resources */,
			);
			buildRules = (
			);
			dependencies = (
				EFF3AEDB18C3F9E800D9E794 /* PBXTargetDependency */,
			);
			name = testFiletreeTests;
			productName = testFiletreeTests;
			productReference = EFF3AED618C3F9E800D9E794 /* testFiletreeTests.xctest */;
			productType = "com.apple.product-type.bundle.unit-test";
		};
/* End PBXNativeTarget section */

/* Begin PBXProject section */
		EFF3AEAD18C3F9E800D9E794 /* Project object */ = {
			isa = PBXProject;
			attributes = {
				CLASSPREFIX = SD;
				LastUpgradeCheck = 0500;
				ORGANIZATIONNAME = "Kristiansen, Trond";
				TargetAttributes = {
					EFF3AED518C3F9E800D9E794 = {
						TestTargetID = EFF3AEB418C3F9E800D9E794;
					};
				};
			};
			buildConfigurationList = EFF3AEB018C3F9E800D9E794 /* Build configuration list for PBXProject "testFiletree" */;
			compatibilityVersion = "Xcode 3.2";
			developmentRegion = English;
			hasScannedForEncodings = 0;
			knownRegions = (
				en,
				Base,
			);
			mainGroup = EFF3AEAC18C3F9E800D9E794;
			productRefGroup = EFF3AEB618C3F9E800D9E794 /* Products */;
			projectDirPath = "";
			projectRoot = "";
			targets = (
				EFF3AEB418C3F9E800D9E794 /* testFiletree */,
				EFF3AED518C3F9E800D9E794 /* testFiletreeTests */,
			);
		};
/* End PBXProject section */

/* Begin PBXResourcesBuildPhase section */
		EFF3AEB318C3F9E800D9E794 /* Resources */ = {
			isa = PBXResourcesBuildPhase;
			buildActionMask = 2147483647;
			files = (
				EFF3AEC318C3F9E800D9E794 /* InfoPlist.strings in Resources */,
				EFF3AED118C3F9E800D9E794 /* Images.xcassets in Resources */,
				EFF3AEC918C3F9E800D9E794 /* Credits.rtf in Resources */,
				EFF3AECF18C3F9E800D9E794 /* MainMenu.xib in Resources */,
			);
			runOnlyForDeploymentPostprocessing = 0;
		};
		EFF3AED418C3F9E800D9E794 /* Resources */ = {
			isa = PBXResourcesBuildPhase;
			buildActionMask = 2147483647;
			files = (
				EFF3AEE118C3F9E800D9E794 /* InfoPlist.strings in Resources */,
			);
			runOnlyForDeploymentPostprocessing = 0;
		};
/* End PBXResourcesBuildPhase section */

/* Begin PBXSourcesBuildPhase section */
		EFF3AEB118C3F9E800D9E794 /* Sources */ = {
			isa = PBXSourcesBuildPhase;
			buildActionMask = 2147483647;
			files = (
				EFF3AEC518C3F9E800D9E794 /* main.m in Sources */,
				EFF3AECC18C3F9E800D9E794 /* SDAppDelegate.m in Sources */,
			);
			runOnlyForDeploymentPostprocessing = 0;
		};
		EFF3AED218C3F9E800D9E794 /* Sources */ = {
			isa = PBXSourcesBuildPhase;
			buildActionMask = 2147483647;
			files = (
				EFF3AEE318C3F9E800D9E794 /* testFiletreeTests.m in Sources */,
			);
			runOnlyForDeploymentPostprocessing = 0;
		};
/* End PBXSourcesBuildPhase section */

/* Begin PBXTargetDependency section */
		EFF3AEDB18C3F9E800D9E794 /* PBXTargetDependency */ = {
			isa = PBXTargetDependency;
			target = EFF3AEB418C3F9E800D9E794 /* testFiletree */;
			targetProxy = EFF3AEDA18C3F9E800D9E794 /* PBXContainerItemProxy */;
		};
/* End PBXTargetDependency section */

/* Begin PBXVariantGroup section */
		EFF3AEC118C3F9E800D9E794 /* InfoPlist.strings */ = {
			isa = PBXVariantGroup;
			children = (
				EFF3AEC218C3F9E800D9E794 /* en */,
			);
			name = InfoPlist.strings;
			sourceTree = "<group>";
		};
		EFF3AEC718C3F9E800D9E794 /* Credits.rtf */ = {
			isa = PBXVariantGroup;
			children = (
				EFF3AEC818C3F9E800D9E794 /* en */,
			);
			name = Credits.rtf;
			sourceTree = "<group>";
		};
		EFF3AECD18C3F9E800D9E794 /* MainMenu.xib */ = {
			isa = PBXVariantGroup;
			children = (
				EFF3AECE18C3F9E800D9E794 /* Base */,
			);
			name = MainMenu.xib;
			sourceTree = "<group>";
		};
		EFF3AEDF18C3F9E800D9E794 /* InfoPlist.strings */ = {
			isa = PBXVariantGroup;
			children = (
				EFF3AEE018C3F9E800D9E794 /* en */,
			);
			name = InfoPlist.strings;
			sourceTree = "<group>";
		};
/* End PBXVariantGroup section */

/* Begin XCBuildConfiguration section */
		EFF3AEE418C3F9E800D9E794 /* Debug */ = {
			isa = XCBuildConfiguration;
			buildSettings = {
				ALWAYS_SEARCH_USER_PATHS = NO;
				CLANG_CXX_LANGUAGE_STANDARD = "gnu++0x";
				CLANG_CXX_LIBRARY = "libc++";
				CLANG_ENABLE_OBJC_ARC = YES;
				CLANG_WARN_BOOL_CONVERSION = YES;
				CLANG_WARN_CONSTANT_CONVERSION = YES;
				CLANG_WARN_DIRECT_OBJC_ISA_USAGE = YES_ERROR;
				CLANG_WARN_EMPTY_BODY = YES;
				CLANG_WARN_ENUM_CONVERSION = YES;
				CLANG_WARN_INT_CONVERSION = YES;
				CLANG_WARN_OBJC_ROOT_CLASS = YES_ERROR;
				CLANG_WARN__DUPLICATE_METHOD_MATCH = YES;
				COPY_PHASE_STRIP = NO;
				GCC_C_LANGUAGE_STANDARD = gnu99;
				GCC_DYNAMIC_NO_PIC = NO;
				GCC_ENABLE_OBJC_EXCEPTIONS = YES;
				GCC_OPTIMIZATION_LEVEL = 0;
				GCC_PREPROCESSOR_DEFINITIONS = (
					"DEBUG=1",
					"$(inherited)",
				);
				GCC_SYMBOLS_PRIVATE_EXTERN = NO;
				GCC_WARN_64_TO_32_BIT_CONVERSION = YES;
				GCC_WARN_ABOUT_RETURN_TYPE = YES_ERROR;
				GCC_WARN_UNDECLARED_SELECTOR = YES;
				GCC_WARN_UNINITIALIZED_AUTOS = YES;
				GCC_WARN_UNUSED_FUNCTION = YES;
				GCC_WARN_UNUSED_VARIABLE = YES;
				MACOSX_DEPLOYMENT_TARGET = 10.9;
				ONLY_ACTIVE_ARCH = YES;
				SDKROOT = macosx;
			};
			name = Debug;
		};
		EFF3AEE518C3F9E800D9E794 /* Release */ = {
			isa = XCBuildConfiguration;
			buildSettings = {
				ALWAYS_SEARCH_USER_PATHS = NO;
				CLANG_CXX_LANGUAGE_STANDARD = "gnu++0x";
				CLANG_CXX_LIBRARY = "libc++";
				CLANG_ENABLE_OBJC_ARC = YES;
				CLANG_WARN_BOOL_CONVERSION = YES;
				CLANG_WARN_CONSTANT_CONVERSION = YES;
				CLANG_WARN_DIRECT_OBJC_ISA_USAGE = YES_ERROR;
				CLANG_WARN_EMPTY_BODY = YES;
				CLANG_WARN_ENUM_CONVERSION = YES;
				CLANG_WARN_INT_CONVERSION = YES;
				CLANG_WARN_OBJC_ROOT_CLASS = YES_ERROR;
				CLANG_WARN__DUPLICATE_METHOD_MATCH = YES;
				COPY_PHASE_STRIP = YES;
				DEBUG_INFORMATION_FORMAT = "dwarf-with-dsym";
				ENABLE_NS_ASSERTIONS = NO;
				GCC_C_LANGUAGE_STANDARD = gnu99;
				GCC_ENABLE_OBJC_EXCEPTIONS = YES;
				GCC_WARN_64_TO_32_BIT_CONVERSION = YES;
				GCC_WARN_ABOUT_RETURN_TYPE = YES_ERROR;
				GCC_WARN_UNDECLARED_SELECTOR = YES;
				GCC_WARN_UNINITIALIZED_AUTOS = YES;
				GCC_WARN_UNUSED_FUNCTION = YES;
				GCC_WARN_UNUSED_VARIABLE = YES;
				MACOSX_DEPLOYMENT_TARGET = 10.9;
				SDKROOT = macosx;
			};
			name = Release;
		};
		EFF3AEE718C3F9E800D9E794 /* Debug */ = {
			isa = XCBuildConfiguration;
			buildSettings = {
				ASSETCATALOG_COMPILER_APPICON_NAME = AppIcon;
				COMBINE_HIDPI_IMAGES = YES;
				GCC_PRECOMPILE_PREFIX_HEADER = YES;
				GCC_PREFIX_HEADER = "testFiletree/testFiletree-Prefix.pch";
				INFOPLIST_FILE = "testFiletree/testFiletree-Info.plist";
				PRODUCT_NAME = "$(TARGET_NAME)";
				WRAPPER_EXTENSION = app;
			};
			name = Debug;
		};
		EFF3AEE818C3F9E800D9E794 /* Release */ = {
			isa = XCBuildConfiguration;
			buildSettings = {
				ASSETCATALOG_COMPILER_APPICON_NAME = AppIcon;
				COMBINE_HIDPI_IMAGES = YES;
				GCC_PRECOMPILE_PREFIX_HEADER = YES;
				GCC_PREFIX_HEADER = "testFiletree/testFiletree-Prefix.pch";
				INFOPLIST_FILE = "testFiletree/testFiletree-Info.plist";
				PRODUCT_NAME = "$(TARGET_NAME)";
				WRAPPER_EXTENSION = app;
			};
			name = Release;
		};
		EFF3AEEA18C3F9E800D9E794 /* Debug */ = {
			isa = XCBuildConfiguration;
			buildSettings = {
				BUNDLE_LOADER = "$(BUILT_PRODUCTS_DIR)/testFiletree.app/Contents/MacOS/testFiletree";
				COMBINE_HIDPI_IMAGES = YES;
				FRAMEWORK_SEARCH_PATHS = (
					"$(DEVELOPER_FRAMEWORKS_DIR)",
					"$(inherited)",
				);
				GCC_PRECOMPILE_PREFIX_HEADER = YES;
				GCC_PREFIX_HEADER = "testFiletree/testFiletree-Prefix.pch";
				GCC_PREPROCESSOR_DEFINITIONS = (
					"DEBUG=1",
					"$(inherited)",
				);
				INFOPLIST_FILE = "testFiletreeTests/testFiletreeTests-Info.plist";
				PRODUCT_NAME = "$(TARGET_NAME)";
				TEST_HOST = "$(BUNDLE_LOADER)";
				WRAPPER_EXTENSION = xctest;
			};
			name = Debug;
		};
		EFF3AEEB18C3F9E800D9E794 /* Release */ = {
			isa = XCBuildConfiguration;
			buildSettings = {
				BUNDLE_LOADER = "$(BUILT_PRODUCTS_DIR)/testFiletree.app/Contents/MacOS/testFiletree";
				COMBINE_HIDPI_IMAGES = YES;
				FRAMEWORK_SEARCH_PATHS = (
					"$(DEVELOPER_FRAMEWORKS_DIR)",
					"$(inherited)",
				);
				GCC_PRECOMPILE_PREFIX_HEADER = YES;
				GCC_PREFIX_HEADER = "testFiletree/testFiletree-Prefix.pch";
				INFOPLIST_FILE = "testFiletreeTests/testFiletreeTests-Info.plist";
				PRODUCT_NAME = "$(TARGET_NAME)";
				TEST_HOST = "$(BUNDLE_LOADER)";
				WRAPPER_EXTENSION = xctest;
			};
			name = Release;
		};
/* End XCBuildConfiguration section */

/* Begin XCConfigurationList section */
		EFF3AEB018C3F9E800D9E794 /* Build configuration list for PBXProject "testFiletree" */ = {
			isa = XCConfigurationList;
			buildConfigurations = (
				EFF3AEE418C3F9E800D9E794 /* Debug */,
				EFF3AEE518C3F9E800D9E794 /* Release */,
			);
			defaultConfigurationIsVisible = 0;
			defaultConfigurationName = Release;
		};
		EFF3AEE618C3F9E800D9E794 /* Build configuration list for PBXNativeTarget "testFiletree" */ = {
			isa = XCConfigurationList;
			buildConfigurations = (
				EFF3AEE718C3F9E800D9E794 /* Debug */,
				EFF3AEE818C3F9E800D9E794 /* Release */,
			);
			defaultConfigurationIsVisible = 0;
		};
		EFF3AEE918C3F9E800D9E794 /* Build configuration list for PBXNativeTarget "testFiletreeTests" */ = {
			isa = XCConfigurationList;
			buildConfigurations = (
				EFF3AEEA18C3F9E800D9E794 /* Debug */,
				EFF3AEEB18C3F9E800D9E794 /* Release */,
			);
			defaultConfigurationIsVisible = 0;
		};
/* End XCConfigurationList section */
	};
	rootObject = EFF3AEAD18C3F9E800D9E794 /* Project object */;
}
